// !$*UTF8*$!
{
	archiveVersion = 1;
	classes = {
	};
	objectVersion = 50;
	objects = {

/* Begin PBXBuildFile section */
		506E371F21B48FC50032FB34 /* AppDelegate.swift in Sources */ = {isa = PBXBuildFile; fileRef = 506E371E21B48FC50032FB34 /* AppDelegate.swift */; };
		506E372121B48FC50032FB34 /* ViewController.swift in Sources */ = {isa = PBXBuildFile; fileRef = 506E372021B48FC50032FB34 /* ViewController.swift */; };
		506E372421B48FC50032FB34 /* Main.storyboard in Resources */ = {isa = PBXBuildFile; fileRef = 506E372221B48FC50032FB34 /* Main.storyboard */; };
		506E372621B48FC60032FB34 /* Assets.xcassets in Resources */ = {isa = PBXBuildFile; fileRef = 506E372521B48FC60032FB34 /* Assets.xcassets */; };
		506E372921B48FC60032FB34 /* LaunchScreen.storyboard in Resources */ = {isa = PBXBuildFile; fileRef = 506E372721B48FC60032FB34 /* LaunchScreen.storyboard */; };
		506E373421B48FC60032FB34 /* DingChallengeTests.swift in Sources */ = {isa = PBXBuildFile; fileRef = 506E373321B48FC60032FB34 /* DingChallengeTests.swift */; };
		506E373F21B48FC60032FB34 /* DingChallengeUITests.swift in Sources */ = {isa = PBXBuildFile; fileRef = 506E373E21B48FC60032FB34 /* DingChallengeUITests.swift */; };
/* End PBXBuildFile section */

/* Begin PBXContainerItemProxy section */
		506E373021B48FC60032FB34 /* PBXContainerItemProxy */ = {
			isa = PBXContainerItemProxy;
			containerPortal = 506E371321B48FC50032FB34 /* Project object */;
			proxyType = 1;
			remoteGlobalIDString = 506E371A21B48FC50032FB34;
			remoteInfo = DingChallenge;
		};
		506E373B21B48FC60032FB34 /* PBXContainerItemProxy */ = {
			isa = PBXContainerItemProxy;
			containerPortal = 506E371321B48FC50032FB34 /* Project object */;
			proxyType = 1;
			remoteGlobalIDString = 506E371A21B48FC50032FB34;
			remoteInfo = DingChallenge;
		};
/* End PBXContainerItemProxy section */

/* Begin PBXFileReference section */
		506E371B21B48FC50032FB34 /* DingChallenge.app */ = {isa = PBXFileReference; explicitFileType = wrapper.application; includeInIndex = 0; path = DingChallenge.app; sourceTree = BUILT_PRODUCTS_DIR; };
		506E371E21B48FC50032FB34 /* AppDelegate.swift */ = {isa = PBXFileReference; lastKnownFileType = sourcecode.swift; path = AppDelegate.swift; sourceTree = "<group>"; };
		506E372021B48FC50032FB34 /* ViewController.swift */ = {isa = PBXFileReference; lastKnownFileType = sourcecode.swift; path = ViewController.swift; sourceTree = "<group>"; };
		506E372321B48FC50032FB34 /* Base */ = {isa = PBXFileReference; lastKnownFileType = file.storyboard; name = Base; path = Base.lproj/Main.storyboard; sourceTree = "<group>"; };
		506E372521B48FC60032FB34 /* Assets.xcassets */ = {isa = PBXFileReference; lastKnownFileType = folder.assetcatalog; path = Assets.xcassets; sourceTree = "<group>"; };
		506E372821B48FC60032FB34 /* Base */ = {isa = PBXFileReference; lastKnownFileType = file.storyboard; name = Base; path = Base.lproj/LaunchScreen.storyboard; sourceTree = "<group>"; };
		506E372A21B48FC60032FB34 /* Info.plist */ = {isa = PBXFileReference; lastKnownFileType = text.plist.xml; path = Info.plist; sourceTree = "<group>"; };
		506E372F21B48FC60032FB34 /* DingChallengeTests.xctest */ = {isa = PBXFileReference; explicitFileType = wrapper.cfbundle; includeInIndex = 0; path = DingChallengeTests.xctest; sourceTree = BUILT_PRODUCTS_DIR; };
		506E373321B48FC60032FB34 /* DingChallengeTests.swift */ = {isa = PBXFileReference; lastKnownFileType = sourcecode.swift; path = DingChallengeTests.swift; sourceTree = "<group>"; };
		506E373521B48FC60032FB34 /* Info.plist */ = {isa = PBXFileReference; lastKnownFileType = text.plist.xml; path = Info.plist; sourceTree = "<group>"; };
		506E373A21B48FC60032FB34 /* DingChallengeUITests.xctest */ = {isa = PBXFileReference; explicitFileType = wrapper.cfbundle; includeInIndex = 0; path = DingChallengeUITests.xctest; sourceTree = BUILT_PRODUCTS_DIR; };
		506E373E21B48FC60032FB34 /* DingChallengeUITests.swift */ = {isa = PBXFileReference; lastKnownFileType = sourcecode.swift; path = DingChallengeUITests.swift; sourceTree = "<group>"; };
		506E374021B48FC60032FB34 /* Info.plist */ = {isa = PBXFileReference; lastKnownFileType = text.plist.xml; path = Info.plist; sourceTree = "<group>"; };
/* End PBXFileReference section */

/* Begin PBXFrameworksBuildPhase section */
		506E371821B48FC50032FB34 /* Frameworks */ = {
			isa = PBXFrameworksBuildPhase;
			buildActionMask = 2147483647;
			files = (
			);
			runOnlyForDeploymentPostprocessing = 0;
		};
		506E372C21B48FC60032FB34 /* Frameworks */ = {
			isa = PBXFrameworksBuildPhase;
			buildActionMask = 2147483647;
			files = (
			);
			runOnlyForDeploymentPostprocessing = 0;
		};
		506E373721B48FC60032FB34 /* Frameworks */ = {
			isa = PBXFrameworksBuildPhase;
			buildActionMask = 2147483647;
			files = (
			);
			runOnlyForDeploymentPostprocessing = 0;
		};
/* End PBXFrameworksBuildPhase section */

/* Begin PBXGroup section */
		506E371221B48FC50032FB34 = {
			isa = PBXGroup;
			children = (
				506E371D21B48FC50032FB34 /* DingChallenge */,
				506E373221B48FC60032FB34 /* DingChallengeTests */,
				506E373D21B48FC60032FB34 /* DingChallengeUITests */,
				506E371C21B48FC50032FB34 /* Products */,
			);
			sourceTree = "<group>";
		};
		506E371C21B48FC50032FB34 /* Products */ = {
			isa = PBXGroup;
			children = (
				506E371B21B48FC50032FB34 /* DingChallenge.app */,
				506E372F21B48FC60032FB34 /* DingChallengeTests.xctest */,
				506E373A21B48FC60032FB34 /* DingChallengeUITests.xctest */,
			);
			name = Products;
			sourceTree = "<group>";
		};
		506E371D21B48FC50032FB34 /* DingChallenge */ = {
			isa = PBXGroup;
			children = (
				506E371E21B48FC50032FB34 /* AppDelegate.swift */,
				506E372021B48FC50032FB34 /* ViewController.swift */,
				506E372221B48FC50032FB34 /* Main.storyboard */,
				506E372521B48FC60032FB34 /* Assets.xcassets */,
				506E372721B48FC60032FB34 /* LaunchScreen.storyboard */,
				506E372A21B48FC60032FB34 /* Info.plist */,
			);
			path = DingChallenge;
			sourceTree = "<group>";
		};
		506E373221B48FC60032FB34 /* DingChallengeTests */ = {
			isa = PBXGroup;
			children = (
				506E373321B48FC60032FB34 /* DingChallengeTests.swift */,
				506E373521B48FC60032FB34 /* Info.plist */,
			);
			path = DingChallengeTests;
			sourceTree = "<group>";
		};
		506E373D21B48FC60032FB34 /* DingChallengeUITests */ = {
			isa = PBXGroup;
			children = (
				506E373E21B48FC60032FB34 /* DingChallengeUITests.swift */,
				506E374021B48FC60032FB34 /* Info.plist */,
			);
			path = DingChallengeUITests;
			sourceTree = "<group>";
		};
/* End PBXGroup section */

/* Begin PBXNativeTarget section */
		506E371A21B48FC50032FB34 /* DingChallenge */ = {
			isa = PBXNativeTarget;
			buildConfigurationList = 506E374321B48FC60032FB34 /* Build configuration list for PBXNativeTarget "DingChallenge" */;
			buildPhases = (
				506E371721B48FC50032FB34 /* Sources */,
				506E371821B48FC50032FB34 /* Frameworks */,
				506E371921B48FC50032FB34 /* Resources */,
			);
			buildRules = (
			);
			dependencies = (
			);
			name = DingChallenge;
			productName = DingChallenge;
			productReference = 506E371B21B48FC50032FB34 /* DingChallenge.app */;
			productType = "com.apple.product-type.application";
		};
		506E372E21B48FC60032FB34 /* DingChallengeTests */ = {
			isa = PBXNativeTarget;
			buildConfigurationList = 506E374621B48FC60032FB34 /* Build configuration list for PBXNativeTarget "DingChallengeTests" */;
			buildPhases = (
				506E372B21B48FC60032FB34 /* Sources */,
				506E372C21B48FC60032FB34 /* Frameworks */,
				506E372D21B48FC60032FB34 /* Resources */,
			);
			buildRules = (
			);
			dependencies = (
				506E373121B48FC60032FB34 /* PBXTargetDependency */,
			);
			name = DingChallengeTests;
			productName = DingChallengeTests;
			productReference = 506E372F21B48FC60032FB34 /* DingChallengeTests.xctest */;
			productType = "com.apple.product-type.bundle.unit-test";
		};
		506E373921B48FC60032FB34 /* DingChallengeUITests */ = {
			isa = PBXNativeTarget;
			buildConfigurationList = 506E374921B48FC60032FB34 /* Build configuration list for PBXNativeTarget "DingChallengeUITests" */;
			buildPhases = (
				506E373621B48FC60032FB34 /* Sources */,
				506E373721B48FC60032FB34 /* Frameworks */,
				506E373821B48FC60032FB34 /* Resources */,
			);
			buildRules = (
			);
			dependencies = (
				506E373C21B48FC60032FB34 /* PBXTargetDependency */,
			);
			name = DingChallengeUITests;
			productName = DingChallengeUITests;
			productReference = 506E373A21B48FC60032FB34 /* DingChallengeUITests.xctest */;
			productType = "com.apple.product-type.bundle.ui-testing";
		};
/* End PBXNativeTarget section */

/* Begin PBXProject section */
		506E371321B48FC50032FB34 /* Project object */ = {
			isa = PBXProject;
			attributes = {
				LastSwiftUpdateCheck = 1010;
				LastUpgradeCheck = 1010;
				ORGANIZATIONNAME = "Yasin Akinci";
				TargetAttributes = {
					506E371A21B48FC50032FB34 = {
						CreatedOnToolsVersion = 10.1;
					};
					506E372E21B48FC60032FB34 = {
						CreatedOnToolsVersion = 10.1;
						TestTargetID = 506E371A21B48FC50032FB34;
					};
					506E373921B48FC60032FB34 = {
						CreatedOnToolsVersion = 10.1;
						TestTargetID = 506E371A21B48FC50032FB34;
					};
				};
			};
			buildConfigurationList = 506E371621B48FC50032FB34 /* Build configuration list for PBXProject "DingChallenge" */;
			compatibilityVersion = "Xcode 9.3";
			developmentRegion = en;
			hasScannedForEncodings = 0;
			knownRegions = (
				en,
				Base,
			);
			mainGroup = 506E371221B48FC50032FB34;
			productRefGroup = 506E371C21B48FC50032FB34 /* Products */;
			projectDirPath = "";
			projectRoot = "";
			targets = (
				506E371A21B48FC50032FB34 /* DingChallenge */,
				506E372E21B48FC60032FB34 /* DingChallengeTests */,
				506E373921B48FC60032FB34 /* DingChallengeUITests */,
			);
		};
/* End PBXProject section */

/* Begin PBXResourcesBuildPhase section */
		506E371921B48FC50032FB34 /* Resources */ = {
			isa = PBXResourcesBuildPhase;
			buildActionMask = 2147483647;
			files = (
				506E372921B48FC60032FB34 /* LaunchScreen.storyboard in Resources */,
				506E372621B48FC60032FB34 /* Assets.xcassets in Resources */,
				506E372421B48FC50032FB34 /* Main.storyboard in Resources */,
			);
			runOnlyForDeploymentPostprocessing = 0;
		};
		506E372D21B48FC60032FB34 /* Resources */ = {
			isa = PBXResourcesBuildPhase;
			buildActionMask = 2147483647;
			files = (
			);
			runOnlyForDeploymentPostprocessing = 0;
		};
		506E373821B48FC60032FB34 /* Resources */ = {
			isa = PBXResourcesBuildPhase;
			buildActionMask = 2147483647;
			files = (
			);
			runOnlyForDeploymentPostprocessing = 0;
		};
/* End PBXResourcesBuildPhase section */

/* Begin PBXSourcesBuildPhase section */
		506E371721B48FC50032FB34 /* Sources */ = {
			isa = PBXSourcesBuildPhase;
			buildActionMask = 2147483647;
			files = (
				506E372121B48FC50032FB34 /* ViewController.swift in Sources */,
				506E371F21B48FC50032FB34 /* AppDelegate.swift in Sources */,
			);
			runOnlyForDeploymentPostprocessing = 0;
		};
		506E372B21B48FC60032FB34 /* Sources */ = {
			isa = PBXSourcesBuildPhase;
			buildActionMask = 2147483647;
			files = (
				506E373421B48FC60032FB34 /* DingChallengeTests.swift in Sources */,
			);
			runOnlyForDeploymentPostprocessing = 0;
		};
		506E373621B48FC60032FB34 /* Sources */ = {
			isa = PBXSourcesBuildPhase;
			buildActionMask = 2147483647;
			files = (
				506E373F21B48FC60032FB34 /* DingChallengeUITests.swift in Sources */,
			);
			runOnlyForDeploymentPostprocessing = 0;
		};
/* End PBXSourcesBuildPhase section */

/* Begin PBXTargetDependency section */
		506E373121B48FC60032FB34 /* PBXTargetDependency */ = {
			isa = PBXTargetDependency;
			target = 506E371A21B48FC50032FB34 /* DingChallenge */;
			targetProxy = 506E373021B48FC60032FB34 /* PBXContainerItemProxy */;
		};
		506E373C21B48FC60032FB34 /* PBXTargetDependency */ = {
			isa = PBXTargetDependency;
			target = 506E371A21B48FC50032FB34 /* DingChallenge */;
			targetProxy = 506E373B21B48FC60032FB34 /* PBXContainerItemProxy */;
		};
/* End PBXTargetDependency section */

/* Begin PBXVariantGroup section */
		506E372221B48FC50032FB34 /* Main.storyboard */ = {
			isa = PBXVariantGroup;
			children = (
				506E372321B48FC50032FB34 /* Base */,
			);
			name = Main.storyboard;
			sourceTree = "<group>";
		};
		506E372721B48FC60032FB34 /* LaunchScreen.storyboard */ = {
			isa = PBXVariantGroup;
			children = (
				506E372821B48FC60032FB34 /* Base */,
			);
			name = LaunchScreen.storyboard;
			sourceTree = "<group>";
		};
/* End PBXVariantGroup section */

/* Begin XCBuildConfiguration section */
		506E374121B48FC60032FB34 /* Debug */ = {
			isa = XCBuildConfiguration;
			buildSettings = {
				ALWAYS_SEARCH_USER_PATHS = NO;
				CLANG_ANALYZER_NONNULL = YES;
				CLANG_ANALYZER_NUMBER_OBJECT_CONVERSION = YES_AGGRESSIVE;
				CLANG_CXX_LANGUAGE_STANDARD = "gnu++14";
				CLANG_CXX_LIBRARY = "libc++";
				CLANG_ENABLE_MODULES = YES;
				CLANG_ENABLE_OBJC_ARC = YES;
				CLANG_ENABLE_OBJC_WEAK = YES;
				CLANG_WARN_BLOCK_CAPTURE_AUTORELEASING = YES;
				CLANG_WARN_BOOL_CONVERSION = YES;
				CLANG_WARN_COMMA = YES;
				CLANG_WARN_CONSTANT_CONVERSION = YES;
				CLANG_WARN_DEPRECATED_OBJC_IMPLEMENTATIONS = YES;
				CLANG_WARN_DIRECT_OBJC_ISA_USAGE = YES_ERROR;
				CLANG_WARN_DOCUMENTATION_COMMENTS = YES;
				CLANG_WARN_EMPTY_BODY = YES;
				CLANG_WARN_ENUM_CONVERSION = YES;
				CLANG_WARN_INFINITE_RECURSION = YES;
				CLANG_WARN_INT_CONVERSION = YES;
				CLANG_WARN_NON_LITERAL_NULL_CONVERSION = YES;
				CLANG_WARN_OBJC_IMPLICIT_RETAIN_SELF = YES;
				CLANG_WARN_OBJC_LITERAL_CONVERSION = YES;
				CLANG_WARN_OBJC_ROOT_CLASS = YES_ERROR;
				CLANG_WARN_RANGE_LOOP_ANALYSIS = YES;
				CLANG_WARN_STRICT_PROTOTYPES = YES;
				CLANG_WARN_SUSPICIOUS_MOVE = YES;
				CLANG_WARN_UNGUARDED_AVAILABILITY = YES_AGGRESSIVE;
				CLANG_WARN_UNREACHABLE_CODE = YES;
				CLANG_WARN__DUPLICATE_METHOD_MATCH = YES;
				CODE_SIGN_IDENTITY = "iPhone Developer";
				COPY_PHASE_STRIP = NO;
				DEBUG_INFORMATION_FORMAT = dwarf;
				ENABLE_STRICT_OBJC_MSGSEND = YES;
				ENABLE_TESTABILITY = YES;
				GCC_C_LANGUAGE_STANDARD = gnu11;
				GCC_DYNAMIC_NO_PIC = NO;
				GCC_NO_COMMON_BLOCKS = YES;
				GCC_OPTIMIZATION_LEVEL = 0;
				GCC_PREPROCESSOR_DEFINITIONS = (
					"DEBUG=1",
					"$(inherited)",
				);
				GCC_WARN_64_TO_32_BIT_CONVERSION = YES;
				GCC_WARN_ABOUT_RETURN_TYPE = YES_ERROR;
				GCC_WARN_UNDECLARED_SELECTOR = YES;
				GCC_WARN_UNINITIALIZED_AUTOS = YES_AGGRESSIVE;
				GCC_WARN_UNUSED_FUNCTION = YES;
				GCC_WARN_UNUSED_VARIABLE = YES;
				IPHONEOS_DEPLOYMENT_TARGET = 12.1;
				MTL_ENABLE_DEBUG_INFO = INCLUDE_SOURCE;
				MTL_FAST_MATH = YES;
				ONLY_ACTIVE_ARCH = YES;
				SDKROOT = iphoneos;
				SWIFT_ACTIVE_COMPILATION_CONDITIONS = DEBUG;
				SWIFT_OPTIMIZATION_LEVEL = "-Onone";
			};
			name = Debug;
		};
		506E374221B48FC60032FB34 /* Release */ = {
			isa = XCBuildConfiguration;
			buildSettings = {
				ALWAYS_SEARCH_USER_PATHS = NO;
				CLANG_ANALYZER_NONNULL = YES;
				CLANG_ANALYZER_NUMBER_OBJECT_CONVERSION = YES_AGGRESSIVE;
				CLANG_CXX_LANGUAGE_STANDARD = "gnu++14";
				CLANG_CXX_LIBRARY = "libc++";
				CLANG_ENABLE_MODULES = YES;
				CLANG_ENABLE_OBJC_ARC = YES;
				CLANG_ENABLE_OBJC_WEAK = YES;
				CLANG_WARN_BLOCK_CAPTURE_AUTORELEASING = YES;
				CLANG_WARN_BOOL_CONVERSION = YES;
				CLANG_WARN_COMMA = YES;
				CLANG_WARN_CONSTANT_CONVERSION = YES;
				CLANG_WARN_DEPRECATED_OBJC_IMPLEMENTATIONS = YES;
				CLANG_WARN_DIRECT_OBJC_ISA_USAGE = YES_ERROR;
				CLANG_WARN_DOCUMENTATION_COMMENTS = YES;
				CLANG_WARN_EMPTY_BODY = YES;
				CLANG_WARN_ENUM_CONVERSION = YES;
				CLANG_WARN_INFINITE_RECURSION = YES;
				CLANG_WARN_INT_CONVERSION = YES;
				CLANG_WARN_NON_LITERAL_NULL_CONVERSION = YES;
				CLANG_WARN_OBJC_IMPLICIT_RETAIN_SELF = YES;
				CLANG_WARN_OBJC_LITERAL_CONVERSION = YES;
				CLANG_WARN_OBJC_ROOT_CLASS = YES_ERROR;
				CLANG_WARN_RANGE_LOOP_ANALYSIS = YES;
				CLANG_WARN_STRICT_PROTOTYPES = YES;
				CLANG_WARN_SUSPICIOUS_MOVE = YES;
				CLANG_WARN_UNGUARDED_AVAILABILITY = YES_AGGRESSIVE;
				CLANG_WARN_UNREACHABLE_CODE = YES;
				CLANG_WARN__DUPLICATE_METHOD_MATCH = YES;
				CODE_SIGN_IDENTITY = "iPhone Developer";
				COPY_PHASE_STRIP = NO;
				DEBUG_INFORMATION_FORMAT = "dwarf-with-dsym";
				ENABLE_NS_ASSERTIONS = NO;
				ENABLE_STRICT_OBJC_MSGSEND = YES;
				GCC_C_LANGUAGE_STANDARD = gnu11;
				GCC_NO_COMMON_BLOCKS = YES;
				GCC_WARN_64_TO_32_BIT_CONVERSION = YES;
				GCC_WARN_ABOUT_RETURN_TYPE = YES_ERROR;
				GCC_WARN_UNDECLARED_SELECTOR = YES;
				GCC_WARN_UNINITIALIZED_AUTOS = YES_AGGRESSIVE;
				GCC_WARN_UNUSED_FUNCTION = YES;
				GCC_WARN_UNUSED_VARIABLE = YES;
				IPHONEOS_DEPLOYMENT_TARGET = 12.1;
				MTL_ENABLE_DEBUG_INFO = NO;
				MTL_FAST_MATH = YES;
				SDKROOT = iphoneos;
				SWIFT_COMPILATION_MODE = wholemodule;
				SWIFT_OPTIMIZATION_LEVEL = "-O";
				VALIDATE_PRODUCT = YES;
			};
			name = Release;
		};
		506E374421B48FC60032FB34 /* Debug */ = {
			isa = XCBuildConfiguration;
			buildSettings = {
				ASSETCATALOG_COMPILER_APPICON_NAME = AppIcon;
				CODE_SIGN_STYLE = Automatic;
				DEVELOPMENT_TEAM = 5Z3QF7P489;
				INFOPLIST_FILE = DingChallenge/Info.plist;
				LD_RUNPATH_SEARCH_PATHS = (
					"$(inherited)",
					"@executable_path/Frameworks",
				);
				PRODUCT_BUNDLE_IDENTIFIER = com.yas.DingChallenge;
				PRODUCT_NAME = "$(TARGET_NAME)";
				SWIFT_VERSION = 4.2;
				TARGETED_DEVICE_FAMILY = "1,2";
			};
			name = Debug;
		};
		506E374521B48FC60032FB34 /* Release */ = {
			isa = XCBuildConfiguration;
			buildSettings = {
				ASSETCATALOG_COMPILER_APPICON_NAME = AppIcon;
				CODE_SIGN_STYLE = Automatic;
				DEVELOPMENT_TEAM = 5Z3QF7P489;
				INFOPLIST_FILE = DingChallenge/Info.plist;
				LD_RUNPATH_SEARCH_PATHS = (
					"$(inherited)",
					"@executable_path/Frameworks",
				);
				PRODUCT_BUNDLE_IDENTIFIER = com.yas.DingChallenge;
				PRODUCT_NAME = "$(TARGET_NAME)";
				SWIFT_VERSION = 4.2;
				TARGETED_DEVICE_FAMILY = "1,2";
			};
			name = Release;
		};
		506E374721B48FC60032FB34 /* Debug */ = {
			isa = XCBuildConfiguration;
			buildSettings = {
				ALWAYS_EMBED_SWIFT_STANDARD_LIBRARIES = YES;
				BUNDLE_LOADER = "$(TEST_HOST)";
				CODE_SIGN_STYLE = Automatic;
				DEVELOPMENT_TEAM = 5Z3QF7P489;
				INFOPLIST_FILE = DingChallengeTests/Info.plist;
				LD_RUNPATH_SEARCH_PATHS = (
					"$(inherited)",
					"@executable_path/Frameworks",
					"@loader_path/Frameworks",
				);
				PRODUCT_BUNDLE_IDENTIFIER = com.yas.DingChallengeTests;
				PRODUCT_NAME = "$(TARGET_NAME)";
				SWIFT_VERSION = 4.2;
				TARGETED_DEVICE_FAMILY = "1,2";
				TEST_HOST = "$(BUILT_PRODUCTS_DIR)/DingChallenge.app/DingChallenge";
			};
			name = Debug;
		};
		506E374821B48FC60032FB34 /* Release */ = {
			isa = XCBuildConfiguration;
			buildSettings = {
				ALWAYS_EMBED_SWIFT_STANDARD_LIBRARIES = YES;
				BUNDLE_LOADER = "$(TEST_HOST)";
				CODE_SIGN_STYLE = Automatic;
				DEVELOPMENT_TEAM = 5Z3QF7P489;
				INFOPLIST_FILE = DingChallengeTests/Info.plist;
				LD_RUNPATH_SEARCH_PATHS = (
					"$(inherited)",
					"@executable_path/Frameworks",
					"@loader_path/Frameworks",
				);
				PRODUCT_BUNDLE_IDENTIFIER = com.yas.DingChallengeTests;
				PRODUCT_NAME = "$(TARGET_NAME)";
				SWIFT_VERSION = 4.2;
				TARGETED_DEVICE_FAMILY = "1,2";
				TEST_HOST = "$(BUILT_PRODUCTS_DIR)/DingChallenge.app/DingChallenge";
			};
			name = Release;
		};
		506E374A21B48FC60032FB34 /* Debug */ = {
			isa = XCBuildConfiguration;
			buildSettings = {
				ALWAYS_EMBED_SWIFT_STANDARD_LIBRARIES = YES;
				CODE_SIGN_STYLE = Automatic;
				DEVELOPMENT_TEAM = 5Z3QF7P489;
				INFOPLIST_FILE = DingChallengeUITests/Info.plist;
				LD_RUNPATH_SEARCH_PATHS = (
					"$(inherited)",
					"@executable_path/Frameworks",
					"@loader_path/Frameworks",
				);
				PRODUCT_BUNDLE_IDENTIFIER = com.yas.DingChallengeUITests;
				PRODUCT_NAME = "$(TARGET_NAME)";
				SWIFT_VERSION = 4.2;
				TARGETED_DEVICE_FAMILY = "1,2";
				TEST_TARGET_NAME = DingChallenge;
			};
			name = Debug;
		};
		506E374B21B48FC60032FB34 /* Release */ = {
			isa = XCBuildConfiguration;
			buildSettings = {
				ALWAYS_EMBED_SWIFT_STANDARD_LIBRARIES = YES;
				CODE_SIGN_STYLE = Automatic;
				DEVELOPMENT_TEAM = 5Z3QF7P489;
				INFOPLIST_FILE = DingChallengeUITests/Info.plist;
				LD_RUNPATH_SEARCH_PATHS = (
					"$(inherited)",
					"@executable_path/Frameworks",
					"@loader_path/Frameworks",
				);
				PRODUCT_BUNDLE_IDENTIFIER = com.yas.DingChallengeUITests;
				PRODUCT_NAME = "$(TARGET_NAME)";
				SWIFT_VERSION = 4.2;
				TARGETED_DEVICE_FAMILY = "1,2";
				TEST_TARGET_NAME = DingChallenge;
			};
			name = Release;
		};
/* End XCBuildConfiguration section */

/* Begin XCConfigurationList section */
		506E371621B48FC50032FB34 /* Build configuration list for PBXProject "DingChallenge" */ = {
			isa = XCConfigurationList;
			buildConfigurations = (
				506E374121B48FC60032FB34 /* Debug */,
				506E374221B48FC60032FB34 /* Release */,
			);
			defaultConfigurationIsVisible = 0;
			defaultConfigurationName = Release;
		};
		506E374321B48FC60032FB34 /* Build configuration list for PBXNativeTarget "DingChallenge" */ = {
			isa = XCConfigurationList;
			buildConfigurations = (
				506E374421B48FC60032FB34 /* Debug */,
				506E374521B48FC60032FB34 /* Release */,
			);
			defaultConfigurationIsVisible = 0;
			defaultConfigurationName = Release;
		};
		506E374621B48FC60032FB34 /* Build configuration list for PBXNativeTarget "DingChallengeTests" */ = {
			isa = XCConfigurationList;
			buildConfigurations = (
				506E374721B48FC60032FB34 /* Debug */,
				506E374821B48FC60032FB34 /* Release */,
			);
			defaultConfigurationIsVisible = 0;
			defaultConfigurationName = Release;
		};
		506E374921B48FC60032FB34 /* Build configuration list for PBXNativeTarget "DingChallengeUITests" */ = {
			isa = XCConfigurationList;
			buildConfigurations = (
				506E374A21B48FC60032FB34 /* Debug */,
				506E374B21B48FC60032FB34 /* Release */,
			);
			defaultConfigurationIsVisible = 0;
			defaultConfigurationName = Release;
		};
/* End XCConfigurationList section */
	};
	rootObject = 506E371321B48FC50032FB34 /* Project object */;
}
