// !$*UTF8*$!
{
	archiveVersion = 1;
	classes = {
	};
	objectVersion = 50;
	objects = {

/* Begin PBXBuildFile section */
		35BEB167B23AD752A2333875 /* Pods_DingChallengeUITests.framework in Frameworks */ = {isa = PBXBuildFile; fileRef = 322B0A58A72D11DCEAE13685 /* Pods_DingChallengeUITests.framework */; };
		506E371F21B48FC50032FB34 /* AppDelegate.swift in Sources */ = {isa = PBXBuildFile; fileRef = 506E371E21B48FC50032FB34 /* AppDelegate.swift */; };
		506E372421B48FC50032FB34 /* Main.storyboard in Resources */ = {isa = PBXBuildFile; fileRef = 506E372221B48FC50032FB34 /* Main.storyboard */; };
		506E372621B48FC60032FB34 /* Assets.xcassets in Resources */ = {isa = PBXBuildFile; fileRef = 506E372521B48FC60032FB34 /* Assets.xcassets */; };
		506E372921B48FC60032FB34 /* LaunchScreen.storyboard in Resources */ = {isa = PBXBuildFile; fileRef = 506E372721B48FC60032FB34 /* LaunchScreen.storyboard */; };
		506E373421B48FC60032FB34 /* DingChallengeTests.swift in Sources */ = {isa = PBXBuildFile; fileRef = 506E373321B48FC60032FB34 /* DingChallengeTests.swift */; };
		506E373F21B48FC60032FB34 /* DingChallengeUITests.swift in Sources */ = {isa = PBXBuildFile; fileRef = 506E373E21B48FC60032FB34 /* DingChallengeUITests.swift */; };
		506E374D21B495D90032FB34 /* HomeTableViewController.swift in Sources */ = {isa = PBXBuildFile; fileRef = 506E374C21B495D90032FB34 /* HomeTableViewController.swift */; };
		50C53E1821B547EC00A2B5E4 /* Results.swift in Sources */ = {isa = PBXBuildFile; fileRef = 50C53E1621B547EC00A2B5E4 /* Results.swift */; };
		50C53E1921B547EC00A2B5E4 /* Movies.swift in Sources */ = {isa = PBXBuildFile; fileRef = 50C53E1721B547EC00A2B5E4 /* Movies.swift */; };
		50C53E1E21B551F300A2B5E4 /* MovieTableViewCell.swift in Sources */ = {isa = PBXBuildFile; fileRef = 50C53E1C21B551F300A2B5E4 /* MovieTableViewCell.swift */; };
		50C53E1F21B551F300A2B5E4 /* MovieTableViewCell.xib in Resources */ = {isa = PBXBuildFile; fileRef = 50C53E1D21B551F300A2B5E4 /* MovieTableViewCell.xib */; };
		50C53E2321B55F4900A2B5E4 /* DetailsViewController.swift in Sources */ = {isa = PBXBuildFile; fileRef = 50C53E2121B55F4900A2B5E4 /* DetailsViewController.swift */; };
		50C53E2421B55F4900A2B5E4 /* DetailsViewController.xib in Resources */ = {isa = PBXBuildFile; fileRef = 50C53E2221B55F4900A2B5E4 /* DetailsViewController.xib */; };
		50C53E2721B56A2D00A2B5E4 /* MoviesPresenter.swift in Sources */ = {isa = PBXBuildFile; fileRef = 50C53E2621B56A2D00A2B5E4 /* MoviesPresenter.swift */; };
		50C53E2A21B5F92600A2B5E4 /* MoviesServices.swift in Sources */ = {isa = PBXBuildFile; fileRef = 50C53E2921B5F92600A2B5E4 /* MoviesServices.swift */; };
		5927773A15EE0BB69295B50D /* Pods_DingChallengeTests.framework in Frameworks */ = {isa = PBXBuildFile; fileRef = 82F731EA5DB6D2B79CDDC274 /* Pods_DingChallengeTests.framework */; };
		C1321494EB0EACA8E0140139 /* Pods_DingChallenge.framework in Frameworks */ = {isa = PBXBuildFile; fileRef = 9F119A244CE0B0418DF6B38A /* Pods_DingChallenge.framework */; };
/* End PBXBuildFile section */

/* Begin PBXContainerItemProxy section */
		506E373021B48FC60032FB34 /* PBXContainerItemProxy */ = {
			isa = PBXContainerItemProxy;
			containerPortal = 506E371321B48FC50032FB34 /* Project object */;
			proxyType = 1;
			remoteGlobalIDString = 506E371A21B48FC50032FB34;
			remoteInfo = DingChallenge;
		};
		506E373B21B48FC60032FB34 /* PBXContainerItemProxy */ = {
			isa = PBXContainerItemProxy;
			containerPortal = 506E371321B48FC50032FB34 /* Project object */;
			proxyType = 1;
			remoteGlobalIDString = 506E371A21B48FC50032FB34;
			remoteInfo = DingChallenge;
		};
/* End PBXContainerItemProxy section */

/* Begin PBXFileReference section */
		248326A36CD42240E7F7D3A2 /* Pods-DingChallenge.release.xcconfig */ = {isa = PBXFileReference; includeInIndex = 1; lastKnownFileType = text.xcconfig; name = "Pods-DingChallenge.release.xcconfig"; path = "Pods/Target Support Files/Pods-DingChallenge/Pods-DingChallenge.release.xcconfig"; sourceTree = "<group>"; };
		2B55ECA43701ABEC8C042BB4 /* Pods-DingChallenge.debug.xcconfig */ = {isa = PBXFileReference; includeInIndex = 1; lastKnownFileType = text.xcconfig; name = "Pods-DingChallenge.debug.xcconfig"; path = "Pods/Target Support Files/Pods-DingChallenge/Pods-DingChallenge.debug.xcconfig"; sourceTree = "<group>"; };
		322B0A58A72D11DCEAE13685 /* Pods_DingChallengeUITests.framework */ = {isa = PBXFileReference; explicitFileType = wrapper.framework; includeInIndex = 0; path = Pods_DingChallengeUITests.framework; sourceTree = BUILT_PRODUCTS_DIR; };
		463442CEC68DFA87A19A0203 /* Pods-DingChallengeTests.debug.xcconfig */ = {isa = PBXFileReference; includeInIndex = 1; lastKnownFileType = text.xcconfig; name = "Pods-DingChallengeTests.debug.xcconfig"; path = "Pods/Target Support Files/Pods-DingChallengeTests/Pods-DingChallengeTests.debug.xcconfig"; sourceTree = "<group>"; };
		506E371B21B48FC50032FB34 /* DingChallenge.app */ = {isa = PBXFileReference; explicitFileType = wrapper.application; includeInIndex = 0; path = DingChallenge.app; sourceTree = BUILT_PRODUCTS_DIR; };
		506E371E21B48FC50032FB34 /* AppDelegate.swift */ = {isa = PBXFileReference; lastKnownFileType = sourcecode.swift; path = AppDelegate.swift; sourceTree = "<group>"; };
		506E372321B48FC50032FB34 /* Base */ = {isa = PBXFileReference; lastKnownFileType = file.storyboard; name = Base; path = Base.lproj/Main.storyboard; sourceTree = "<group>"; };
		506E372521B48FC60032FB34 /* Assets.xcassets */ = {isa = PBXFileReference; lastKnownFileType = folder.assetcatalog; path = Assets.xcassets; sourceTree = "<group>"; };
		506E372821B48FC60032FB34 /* Base */ = {isa = PBXFileReference; lastKnownFileType = file.storyboard; name = Base; path = Base.lproj/LaunchScreen.storyboard; sourceTree = "<group>"; };
		506E372A21B48FC60032FB34 /* Info.plist */ = {isa = PBXFileReference; lastKnownFileType = text.plist.xml; path = Info.plist; sourceTree = "<group>"; };
		506E372F21B48FC60032FB34 /* DingChallengeTests.xctest */ = {isa = PBXFileReference; explicitFileType = wrapper.cfbundle; includeInIndex = 0; path = DingChallengeTests.xctest; sourceTree = BUILT_PRODUCTS_DIR; };
		506E373321B48FC60032FB34 /* DingChallengeTests.swift */ = {isa = PBXFileReference; lastKnownFileType = sourcecode.swift; path = DingChallengeTests.swift; sourceTree = "<group>"; };
		506E373521B48FC60032FB34 /* Info.plist */ = {isa = PBXFileReference; lastKnownFileType = text.plist.xml; path = Info.plist; sourceTree = "<group>"; };
		506E373A21B48FC60032FB34 /* DingChallengeUITests.xctest */ = {isa = PBXFileReference; explicitFileType = wrapper.cfbundle; includeInIndex = 0; path = DingChallengeUITests.xctest; sourceTree = BUILT_PRODUCTS_DIR; };
		506E373E21B48FC60032FB34 /* DingChallengeUITests.swift */ = {isa = PBXFileReference; lastKnownFileType = sourcecode.swift; path = DingChallengeUITests.swift; sourceTree = "<group>"; };
		506E374021B48FC60032FB34 /* Info.plist */ = {isa = PBXFileReference; lastKnownFileType = text.plist.xml; path = Info.plist; sourceTree = "<group>"; };
		506E374C21B495D90032FB34 /* HomeTableViewController.swift */ = {isa = PBXFileReference; lastKnownFileType = sourcecode.swift; path = HomeTableViewController.swift; sourceTree = "<group>"; };
		50C53E1621B547EC00A2B5E4 /* Results.swift */ = {isa = PBXFileReference; fileEncoding = 4; lastKnownFileType = sourcecode.swift; path = Results.swift; sourceTree = "<group>"; };
		50C53E1721B547EC00A2B5E4 /* Movies.swift */ = {isa = PBXFileReference; fileEncoding = 4; lastKnownFileType = sourcecode.swift; path = Movies.swift; sourceTree = "<group>"; };
		50C53E1C21B551F300A2B5E4 /* MovieTableViewCell.swift */ = {isa = PBXFileReference; lastKnownFileType = sourcecode.swift; path = MovieTableViewCell.swift; sourceTree = "<group>"; };
		50C53E1D21B551F300A2B5E4 /* MovieTableViewCell.xib */ = {isa = PBXFileReference; lastKnownFileType = file.xib; path = MovieTableViewCell.xib; sourceTree = "<group>"; };
		50C53E2121B55F4900A2B5E4 /* DetailsViewController.swift */ = {isa = PBXFileReference; lastKnownFileType = sourcecode.swift; path = DetailsViewController.swift; sourceTree = "<group>"; };
		50C53E2221B55F4900A2B5E4 /* DetailsViewController.xib */ = {isa = PBXFileReference; lastKnownFileType = file.xib; path = DetailsViewController.xib; sourceTree = "<group>"; };
		50C53E2621B56A2D00A2B5E4 /* MoviesPresenter.swift */ = {isa = PBXFileReference; lastKnownFileType = sourcecode.swift; path = MoviesPresenter.swift; sourceTree = "<group>"; };
		50C53E2921B5F92600A2B5E4 /* MoviesServices.swift */ = {isa = PBXFileReference; lastKnownFileType = sourcecode.swift; path = MoviesServices.swift; sourceTree = "<group>"; };
		6D47AC3C78431AE6F592A6A6 /* Pods-DingChallengeTests.release.xcconfig */ = {isa = PBXFileReference; includeInIndex = 1; lastKnownFileType = text.xcconfig; name = "Pods-DingChallengeTests.release.xcconfig"; path = "Pods/Target Support Files/Pods-DingChallengeTests/Pods-DingChallengeTests.release.xcconfig"; sourceTree = "<group>"; };
		82F731EA5DB6D2B79CDDC274 /* Pods_DingChallengeTests.framework */ = {isa = PBXFileReference; explicitFileType = wrapper.framework; includeInIndex = 0; path = Pods_DingChallengeTests.framework; sourceTree = BUILT_PRODUCTS_DIR; };
		8BD60CF7BE1B0DEA1C4AFA52 /* Pods-DingChallengeUITests.debug.xcconfig */ = {isa = PBXFileReference; includeInIndex = 1; lastKnownFileType = text.xcconfig; name = "Pods-DingChallengeUITests.debug.xcconfig"; path = "Pods/Target Support Files/Pods-DingChallengeUITests/Pods-DingChallengeUITests.debug.xcconfig"; sourceTree = "<group>"; };
		9F119A244CE0B0418DF6B38A /* Pods_DingChallenge.framework */ = {isa = PBXFileReference; explicitFileType = wrapper.framework; includeInIndex = 0; path = Pods_DingChallenge.framework; sourceTree = BUILT_PRODUCTS_DIR; };
		D88217A288EFBB0CA50B8295 /* Pods-DingChallengeUITests.release.xcconfig */ = {isa = PBXFileReference; includeInIndex = 1; lastKnownFileType = text.xcconfig; name = "Pods-DingChallengeUITests.release.xcconfig"; path = "Pods/Target Support Files/Pods-DingChallengeUITests/Pods-DingChallengeUITests.release.xcconfig"; sourceTree = "<group>"; };
/* End PBXFileReference section */

/* Begin PBXFrameworksBuildPhase section */
		506E371821B48FC50032FB34 /* Frameworks */ = {
			isa = PBXFrameworksBuildPhase;
			buildActionMask = 2147483647;
			files = (
				C1321494EB0EACA8E0140139 /* Pods_DingChallenge.framework in Frameworks */,
			);
			runOnlyForDeploymentPostprocessing = 0;
		};
		506E372C21B48FC60032FB34 /* Frameworks */ = {
			isa = PBXFrameworksBuildPhase;
			buildActionMask = 2147483647;
			files = (
				5927773A15EE0BB69295B50D /* Pods_DingChallengeTests.framework in Frameworks */,
			);
			runOnlyForDeploymentPostprocessing = 0;
		};
		506E373721B48FC60032FB34 /* Frameworks */ = {
			isa = PBXFrameworksBuildPhase;
			buildActionMask = 2147483647;
			files = (
				35BEB167B23AD752A2333875 /* Pods_DingChallengeUITests.framework in Frameworks */,
			);
			runOnlyForDeploymentPostprocessing = 0;
		};
/* End PBXFrameworksBuildPhase section */

/* Begin PBXGroup section */
		1B71756417965125EDE3F105 /* Frameworks */ = {
			isa = PBXGroup;
			children = (
				9F119A244CE0B0418DF6B38A /* Pods_DingChallenge.framework */,
				82F731EA5DB6D2B79CDDC274 /* Pods_DingChallengeTests.framework */,
				322B0A58A72D11DCEAE13685 /* Pods_DingChallengeUITests.framework */,
			);
			name = Frameworks;
			sourceTree = "<group>";
		};
		506E371221B48FC50032FB34 = {
			isa = PBXGroup;
			children = (
				506E371D21B48FC50032FB34 /* DingChallenge */,
				506E373221B48FC60032FB34 /* DingChallengeTests */,
				506E373D21B48FC60032FB34 /* DingChallengeUITests */,
				506E371C21B48FC50032FB34 /* Products */,
				50918D54865465569BB4FE8A /* Pods */,
				1B71756417965125EDE3F105 /* Frameworks */,
			);
			sourceTree = "<group>";
		};
		506E371C21B48FC50032FB34 /* Products */ = {
			isa = PBXGroup;
			children = (
				506E371B21B48FC50032FB34 /* DingChallenge.app */,
				506E372F21B48FC60032FB34 /* DingChallengeTests.xctest */,
				506E373A21B48FC60032FB34 /* DingChallengeUITests.xctest */,
			);
			name = Products;
			sourceTree = "<group>";
		};
		506E371D21B48FC50032FB34 /* DingChallenge */ = {
			isa = PBXGroup;
			children = (
				50C53E2821B5F7AE00A2B5E4 /* Services */,
				50C53E2521B5680C00A2B5E4 /* Presenters */,
				50C53E2021B55F1E00A2B5E4 /* ViewControllers */,
				50C53E1B21B551BE00A2B5E4 /* Cells */,
				50C53E1A21B54B4700A2B5E4 /* Storyboards */,
				50C53E1521B547C200A2B5E4 /* Models */,
				506E371E21B48FC50032FB34 /* AppDelegate.swift */,
				506E372521B48FC60032FB34 /* Assets.xcassets */,
				506E372A21B48FC60032FB34 /* Info.plist */,
			);
			path = DingChallenge;
			sourceTree = "<group>";
		};
		506E373221B48FC60032FB34 /* DingChallengeTests */ = {
			isa = PBXGroup;
			children = (
				506E373321B48FC60032FB34 /* DingChallengeTests.swift */,
				506E373521B48FC60032FB34 /* Info.plist */,
			);
			path = DingChallengeTests;
			sourceTree = "<group>";
		};
		506E373D21B48FC60032FB34 /* DingChallengeUITests */ = {
			isa = PBXGroup;
			children = (
				506E373E21B48FC60032FB34 /* DingChallengeUITests.swift */,
				506E374021B48FC60032FB34 /* Info.plist */,
			);
			path = DingChallengeUITests;
			sourceTree = "<group>";
		};
		50918D54865465569BB4FE8A /* Pods */ = {
			isa = PBXGroup;
			children = (
				2B55ECA43701ABEC8C042BB4 /* Pods-DingChallenge.debug.xcconfig */,
				248326A36CD42240E7F7D3A2 /* Pods-DingChallenge.release.xcconfig */,
				463442CEC68DFA87A19A0203 /* Pods-DingChallengeTests.debug.xcconfig */,
				6D47AC3C78431AE6F592A6A6 /* Pods-DingChallengeTests.release.xcconfig */,
				8BD60CF7BE1B0DEA1C4AFA52 /* Pods-DingChallengeUITests.debug.xcconfig */,
				D88217A288EFBB0CA50B8295 /* Pods-DingChallengeUITests.release.xcconfig */,
			);
			name = Pods;
			sourceTree = "<group>";
		};
		50C53E1521B547C200A2B5E4 /* Models */ = {
			isa = PBXGroup;
			children = (
				50C53E1721B547EC00A2B5E4 /* Movies.swift */,
				50C53E1621B547EC00A2B5E4 /* Results.swift */,
			);
			path = Models;
			sourceTree = "<group>";
		};
		50C53E1A21B54B4700A2B5E4 /* Storyboards */ = {
			isa = PBXGroup;
			children = (
				506E372721B48FC60032FB34 /* LaunchScreen.storyboard */,
				506E372221B48FC50032FB34 /* Main.storyboard */,
			);
			path = Storyboards;
			sourceTree = "<group>";
		};
		50C53E1B21B551BE00A2B5E4 /* Cells */ = {
			isa = PBXGroup;
			children = (
				50C53E1C21B551F300A2B5E4 /* MovieTableViewCell.swift */,
				50C53E1D21B551F300A2B5E4 /* MovieTableViewCell.xib */,
			);
			path = Cells;
			sourceTree = "<group>";
		};
		50C53E2021B55F1E00A2B5E4 /* ViewControllers */ = {
			isa = PBXGroup;
			children = (
				506E374C21B495D90032FB34 /* HomeTableViewController.swift */,
				50C53E2121B55F4900A2B5E4 /* DetailsViewController.swift */,
				50C53E2221B55F4900A2B5E4 /* DetailsViewController.xib */,
			);
			path = ViewControllers;
			sourceTree = "<group>";
		};
		50C53E2521B5680C00A2B5E4 /* Presenters */ = {
			isa = PBXGroup;
			children = (
				50C53E2621B56A2D00A2B5E4 /* MoviesPresenter.swift */,
			);
			path = Presenters;
			sourceTree = "<group>";
		};
		50C53E2821B5F7AE00A2B5E4 /* Services */ = {
			isa = PBXGroup;
			children = (
				50C53E2921B5F92600A2B5E4 /* MoviesServices.swift */,
			);
			path = Services;
			sourceTree = "<group>";
		};
/* End PBXGroup section */

/* Begin PBXNativeTarget section */
		506E371A21B48FC50032FB34 /* DingChallenge */ = {
			isa = PBXNativeTarget;
			buildConfigurationList = 506E374321B48FC60032FB34 /* Build configuration list for PBXNativeTarget "DingChallenge" */;
			buildPhases = (
				61E766729C01738C0963973C /* [CP] Check Pods Manifest.lock */,
				506E371721B48FC50032FB34 /* Sources */,
				506E371821B48FC50032FB34 /* Frameworks */,
				506E371921B48FC50032FB34 /* Resources */,
				98280B420E73044DF866802B /* [CP] Embed Pods Frameworks */,
			);
			buildRules = (
			);
			dependencies = (
			);
			name = DingChallenge;
			productName = DingChallenge;
			productReference = 506E371B21B48FC50032FB34 /* DingChallenge.app */;
			productType = "com.apple.product-type.application";
		};
		506E372E21B48FC60032FB34 /* DingChallengeTests */ = {
			isa = PBXNativeTarget;
			buildConfigurationList = 506E374621B48FC60032FB34 /* Build configuration list for PBXNativeTarget "DingChallengeTests" */;
			buildPhases = (
				630C7584053ED8544C72713D /* [CP] Check Pods Manifest.lock */,
				506E372B21B48FC60032FB34 /* Sources */,
				506E372C21B48FC60032FB34 /* Frameworks */,
				506E372D21B48FC60032FB34 /* Resources */,
			);
			buildRules = (
			);
			dependencies = (
				506E373121B48FC60032FB34 /* PBXTargetDependency */,
			);
			name = DingChallengeTests;
			productName = DingChallengeTests;
			productReference = 506E372F21B48FC60032FB34 /* DingChallengeTests.xctest */;
			productType = "com.apple.product-type.bundle.unit-test";
		};
		506E373921B48FC60032FB34 /* DingChallengeUITests */ = {
			isa = PBXNativeTarget;
			buildConfigurationList = 506E374921B48FC60032FB34 /* Build configuration list for PBXNativeTarget "DingChallengeUITests" */;
			buildPhases = (
				3367C778EE559DEE4FC3D3A2 /* [CP] Check Pods Manifest.lock */,
				506E373621B48FC60032FB34 /* Sources */,
				506E373721B48FC60032FB34 /* Frameworks */,
				506E373821B48FC60032FB34 /* Resources */,
			);
			buildRules = (
			);
			dependencies = (
				506E373C21B48FC60032FB34 /* PBXTargetDependency */,
			);
			name = DingChallengeUITests;
			productName = DingChallengeUITests;
			productReference = 506E373A21B48FC60032FB34 /* DingChallengeUITests.xctest */;
			productType = "com.apple.product-type.bundle.ui-testing";
		};
/* End PBXNativeTarget section */

/* Begin PBXProject section */
		506E371321B48FC50032FB34 /* Project object */ = {
			isa = PBXProject;
			attributes = {
				LastSwiftUpdateCheck = 1010;
				LastUpgradeCheck = 1010;
				ORGANIZATIONNAME = "Yasin Akinci";
				TargetAttributes = {
					506E371A21B48FC50032FB34 = {
						CreatedOnToolsVersion = 10.1;
					};
					506E372E21B48FC60032FB34 = {
						CreatedOnToolsVersion = 10.1;
						TestTargetID = 506E371A21B48FC50032FB34;
					};
					506E373921B48FC60032FB34 = {
						CreatedOnToolsVersion = 10.1;
						TestTargetID = 506E371A21B48FC50032FB34;
					};
				};
			};
			buildConfigurationList = 506E371621B48FC50032FB34 /* Build configuration list for PBXProject "DingChallenge" */;
			compatibilityVersion = "Xcode 9.3";
			developmentRegion = en;
			hasScannedForEncodings = 0;
			knownRegions = (
				en,
				Base,
			);
			mainGroup = 506E371221B48FC50032FB34;
			productRefGroup = 506E371C21B48FC50032FB34 /* Products */;
			projectDirPath = "";
			projectRoot = "";
			targets = (
				506E371A21B48FC50032FB34 /* DingChallenge */,
				506E372E21B48FC60032FB34 /* DingChallengeTests */,
				506E373921B48FC60032FB34 /* DingChallengeUITests */,
			);
		};
/* End PBXProject section */

/* Begin PBXResourcesBuildPhase section */
		506E371921B48FC50032FB34 /* Resources */ = {
			isa = PBXResourcesBuildPhase;
			buildActionMask = 2147483647;
			files = (
				506E372921B48FC60032FB34 /* LaunchScreen.storyboard in Resources */,
				506E372621B48FC60032FB34 /* Assets.xcassets in Resources */,
				50C53E2421B55F4900A2B5E4 /* DetailsViewController.xib in Resources */,
				50C53E1F21B551F300A2B5E4 /* MovieTableViewCell.xib in Resources */,
				506E372421B48FC50032FB34 /* Main.storyboard in Resources */,
			);
			runOnlyForDeploymentPostprocessing = 0;
		};
		506E372D21B48FC60032FB34 /* Resources */ = {
			isa = PBXResourcesBuildPhase;
			buildActionMask = 2147483647;
			files = (
			);
			runOnlyForDeploymentPostprocessing = 0;
		};
		506E373821B48FC60032FB34 /* Resources */ = {
			isa = PBXResourcesBuildPhase;
			buildActionMask = 2147483647;
			files = (
			);
			runOnlyForDeploymentPostprocessing = 0;
		};
/* End PBXResourcesBuildPhase section */

/* Begin PBXShellScriptBuildPhase section */
		3367C778EE559DEE4FC3D3A2 /* [CP] Check Pods Manifest.lock */ = {
			isa = PBXShellScriptBuildPhase;
			buildActionMask = 2147483647;
			files = (
			);
			inputPaths = (
				"${PODS_PODFILE_DIR_PATH}/Podfile.lock",
				"${PODS_ROOT}/Manifest.lock",
			);
			name = "[CP] Check Pods Manifest.lock";
			outputPaths = (
				"$(DERIVED_FILE_DIR)/Pods-DingChallengeUITests-checkManifestLockResult.txt",
			);
			runOnlyForDeploymentPostprocessing = 0;
			shellPath = /bin/sh;
			shellScript = "diff \"${PODS_PODFILE_DIR_PATH}/Podfile.lock\" \"${PODS_ROOT}/Manifest.lock\" > /dev/null\nif [ $? != 0 ] ; then\n    # print error to STDERR\n    echo \"error: The sandbox is not in sync with the Podfile.lock. Run 'pod install' or update your CocoaPods installation.\" >&2\n    exit 1\nfi\n# This output is used by Xcode 'outputs' to avoid re-running this script phase.\necho \"SUCCESS\" > \"${SCRIPT_OUTPUT_FILE_0}\"\n";
			showEnvVarsInLog = 0;
		};
		61E766729C01738C0963973C /* [CP] Check Pods Manifest.lock */ = {
			isa = PBXShellScriptBuildPhase;
			buildActionMask = 2147483647;
			files = (
			);
			inputPaths = (
				"${PODS_PODFILE_DIR_PATH}/Podfile.lock",
				"${PODS_ROOT}/Manifest.lock",
			);
			name = "[CP] Check Pods Manifest.lock";
			outputPaths = (
				"$(DERIVED_FILE_DIR)/Pods-DingChallenge-checkManifestLockResult.txt",
			);
			runOnlyForDeploymentPostprocessing = 0;
			shellPath = /bin/sh;
			shellScript = "diff \"${PODS_PODFILE_DIR_PATH}/Podfile.lock\" \"${PODS_ROOT}/Manifest.lock\" > /dev/null\nif [ $? != 0 ] ; then\n    # print error to STDERR\n    echo \"error: The sandbox is not in sync with the Podfile.lock. Run 'pod install' or update your CocoaPods installation.\" >&2\n    exit 1\nfi\n# This output is used by Xcode 'outputs' to avoid re-running this script phase.\necho \"SUCCESS\" > \"${SCRIPT_OUTPUT_FILE_0}\"\n";
			showEnvVarsInLog = 0;
		};
		630C7584053ED8544C72713D /* [CP] Check Pods Manifest.lock */ = {
			isa = PBXShellScriptBuildPhase;
			buildActionMask = 2147483647;
			files = (
			);
			inputPaths = (
				"${PODS_PODFILE_DIR_PATH}/Podfile.lock",
				"${PODS_ROOT}/Manifest.lock",
			);
			name = "[CP] Check Pods Manifest.lock";
			outputPaths = (
				"$(DERIVED_FILE_DIR)/Pods-DingChallengeTests-checkManifestLockResult.txt",
			);
			runOnlyForDeploymentPostprocessing = 0;
			shellPath = /bin/sh;
			shellScript = "diff \"${PODS_PODFILE_DIR_PATH}/Podfile.lock\" \"${PODS_ROOT}/Manifest.lock\" > /dev/null\nif [ $? != 0 ] ; then\n    # print error to STDERR\n    echo \"error: The sandbox is not in sync with the Podfile.lock. Run 'pod install' or update your CocoaPods installation.\" >&2\n    exit 1\nfi\n# This output is used by Xcode 'outputs' to avoid re-running this script phase.\necho \"SUCCESS\" > \"${SCRIPT_OUTPUT_FILE_0}\"\n";
			showEnvVarsInLog = 0;
		};
		98280B420E73044DF866802B /* [CP] Embed Pods Frameworks */ = {
			isa = PBXShellScriptBuildPhase;
			buildActionMask = 2147483647;
			files = (
			);
			inputPaths = (
				"${SRCROOT}/Pods/Target Support Files/Pods-DingChallenge/Pods-DingChallenge-frameworks.sh",
				"${BUILT_PRODUCTS_DIR}/Alamofire/Alamofire.framework",
				"${BUILT_PRODUCTS_DIR}/AlamofireImage/AlamofireImage.framework",
			);
			name = "[CP] Embed Pods Frameworks";
			outputPaths = (
				"${TARGET_BUILD_DIR}/${FRAMEWORKS_FOLDER_PATH}/Alamofire.framework",
				"${TARGET_BUILD_DIR}/${FRAMEWORKS_FOLDER_PATH}/AlamofireImage.framework",
			);
			runOnlyForDeploymentPostprocessing = 0;
			shellPath = /bin/sh;
			shellScript = "\"${SRCROOT}/Pods/Target Support Files/Pods-DingChallenge/Pods-DingChallenge-frameworks.sh\"\n";
			showEnvVarsInLog = 0;
		};
/* End PBXShellScriptBuildPhase section */

/* Begin PBXSourcesBuildPhase section */
		506E371721B48FC50032FB34 /* Sources */ = {
			isa = PBXSourcesBuildPhase;
			buildActionMask = 2147483647;
			files = (
				50C53E2721B56A2D00A2B5E4 /* MoviesPresenter.swift in Sources */,
				50C53E1E21B551F300A2B5E4 /* MovieTableViewCell.swift in Sources */,
				50C53E1821B547EC00A2B5E4 /* Results.swift in Sources */,
				50C53E1921B547EC00A2B5E4 /* Movies.swift in Sources */,
				506E374D21B495D90032FB34 /* HomeTableViewController.swift in Sources */,
				506E371F21B48FC50032FB34 /* AppDelegate.swift in Sources */,
				50C53E2A21B5F92600A2B5E4 /* MoviesServices.swift in Sources */,
				50C53E2321B55F4900A2B5E4 /* DetailsViewController.swift in Sources */,
			);
			runOnlyForDeploymentPostprocessing = 0;
		};
		506E372B21B48FC60032FB34 /* Sources */ = {
			isa = PBXSourcesBuildPhase;
			buildActionMask = 2147483647;
			files = (
				506E373421B48FC60032FB34 /* DingChallengeTests.swift in Sources */,
			);
			runOnlyForDeploymentPostprocessing = 0;
		};
		506E373621B48FC60032FB34 /* Sources */ = {
			isa = PBXSourcesBuildPhase;
			buildActionMask = 2147483647;
			files = (
				506E373F21B48FC60032FB34 /* DingChallengeUITests.swift in Sources */,
			);
			runOnlyForDeploymentPostprocessing = 0;
		};
/* End PBXSourcesBuildPhase section */

/* Begin PBXTargetDependency section */
		506E373121B48FC60032FB34 /* PBXTargetDependency */ = {
			isa = PBXTargetDependency;
			target = 506E371A21B48FC50032FB34 /* DingChallenge */;
			targetProxy = 506E373021B48FC60032FB34 /* PBXContainerItemProxy */;
		};
		506E373C21B48FC60032FB34 /* PBXTargetDependency */ = {
			isa = PBXTargetDependency;
			target = 506E371A21B48FC50032FB34 /* DingChallenge */;
			targetProxy = 506E373B21B48FC60032FB34 /* PBXContainerItemProxy */;
		};
/* End PBXTargetDependency section */

/* Begin PBXVariantGroup section */
		506E372221B48FC50032FB34 /* Main.storyboard */ = {
			isa = PBXVariantGroup;
			children = (
				506E372321B48FC50032FB34 /* Base */,
			);
			name = Main.storyboard;
			sourceTree = "<group>";
		};
		506E372721B48FC60032FB34 /* LaunchScreen.storyboard */ = {
			isa = PBXVariantGroup;
			children = (
				506E372821B48FC60032FB34 /* Base */,
			);
			name = LaunchScreen.storyboard;
			sourceTree = "<group>";
		};
/* End PBXVariantGroup section */

/* Begin XCBuildConfiguration section */
		506E374121B48FC60032FB34 /* Debug */ = {
			isa = XCBuildConfiguration;
			buildSettings = {
				ALWAYS_SEARCH_USER_PATHS = NO;
				CLANG_ANALYZER_NONNULL = YES;
				CLANG_ANALYZER_NUMBER_OBJECT_CONVERSION = YES_AGGRESSIVE;
				CLANG_CXX_LANGUAGE_STANDARD = "gnu++14";
				CLANG_CXX_LIBRARY = "libc++";
				CLANG_ENABLE_MODULES = YES;
				CLANG_ENABLE_OBJC_ARC = YES;
				CLANG_ENABLE_OBJC_WEAK = YES;
				CLANG_WARN_BLOCK_CAPTURE_AUTORELEASING = YES;
				CLANG_WARN_BOOL_CONVERSION = YES;
				CLANG_WARN_COMMA = YES;
				CLANG_WARN_CONSTANT_CONVERSION = YES;
				CLANG_WARN_DEPRECATED_OBJC_IMPLEMENTATIONS = YES;
				CLANG_WARN_DIRECT_OBJC_ISA_USAGE = YES_ERROR;
				CLANG_WARN_DOCUMENTATION_COMMENTS = YES;
				CLANG_WARN_EMPTY_BODY = YES;
				CLANG_WARN_ENUM_CONVERSION = YES;
				CLANG_WARN_INFINITE_RECURSION = YES;
				CLANG_WARN_INT_CONVERSION = YES;
				CLANG_WARN_NON_LITERAL_NULL_CONVERSION = YES;
				CLANG_WARN_OBJC_IMPLICIT_RETAIN_SELF = YES;
				CLANG_WARN_OBJC_LITERAL_CONVERSION = YES;
				CLANG_WARN_OBJC_ROOT_CLASS = YES_ERROR;
				CLANG_WARN_RANGE_LOOP_ANALYSIS = YES;
				CLANG_WARN_STRICT_PROTOTYPES = YES;
				CLANG_WARN_SUSPICIOUS_MOVE = YES;
				CLANG_WARN_UNGUARDED_AVAILABILITY = YES_AGGRESSIVE;
				CLANG_WARN_UNREACHABLE_CODE = YES;
				CLANG_WARN__DUPLICATE_METHOD_MATCH = YES;
				CODE_SIGN_IDENTITY = "iPhone Developer";
				COPY_PHASE_STRIP = NO;
				DEBUG_INFORMATION_FORMAT = dwarf;
				ENABLE_STRICT_OBJC_MSGSEND = YES;
				ENABLE_TESTABILITY = YES;
				GCC_C_LANGUAGE_STANDARD = gnu11;
				GCC_DYNAMIC_NO_PIC = NO;
				GCC_NO_COMMON_BLOCKS = YES;
				GCC_OPTIMIZATION_LEVEL = 0;
				GCC_PREPROCESSOR_DEFINITIONS = (
					"DEBUG=1",
					"$(inherited)",
				);
				GCC_WARN_64_TO_32_BIT_CONVERSION = YES;
				GCC_WARN_ABOUT_RETURN_TYPE = YES_ERROR;
				GCC_WARN_UNDECLARED_SELECTOR = YES;
				GCC_WARN_UNINITIALIZED_AUTOS = YES_AGGRESSIVE;
				GCC_WARN_UNUSED_FUNCTION = YES;
				GCC_WARN_UNUSED_VARIABLE = YES;
				IPHONEOS_DEPLOYMENT_TARGET = 12.1;
				MTL_ENABLE_DEBUG_INFO = INCLUDE_SOURCE;
				MTL_FAST_MATH = YES;
				ONLY_ACTIVE_ARCH = YES;
				SDKROOT = iphoneos;
				SWIFT_ACTIVE_COMPILATION_CONDITIONS = DEBUG;
				SWIFT_OPTIMIZATION_LEVEL = "-Onone";
			};
			name = Debug;
		};
		506E374221B48FC60032FB34 /* Release */ = {
			isa = XCBuildConfiguration;
			buildSettings = {
				ALWAYS_SEARCH_USER_PATHS = NO;
				CLANG_ANALYZER_NONNULL = YES;
				CLANG_ANALYZER_NUMBER_OBJECT_CONVERSION = YES_AGGRESSIVE;
				CLANG_CXX_LANGUAGE_STANDARD = "gnu++14";
				CLANG_CXX_LIBRARY = "libc++";
				CLANG_ENABLE_MODULES = YES;
				CLANG_ENABLE_OBJC_ARC = YES;
				CLANG_ENABLE_OBJC_WEAK = YES;
				CLANG_WARN_BLOCK_CAPTURE_AUTORELEASING = YES;
				CLANG_WARN_BOOL_CONVERSION = YES;
				CLANG_WARN_COMMA = YES;
				CLANG_WARN_CONSTANT_CONVERSION = YES;
				CLANG_WARN_DEPRECATED_OBJC_IMPLEMENTATIONS = YES;
				CLANG_WARN_DIRECT_OBJC_ISA_USAGE = YES_ERROR;
				CLANG_WARN_DOCUMENTATION_COMMENTS = YES;
				CLANG_WARN_EMPTY_BODY = YES;
				CLANG_WARN_ENUM_CONVERSION = YES;
				CLANG_WARN_INFINITE_RECURSION = YES;
				CLANG_WARN_INT_CONVERSION = YES;
				CLANG_WARN_NON_LITERAL_NULL_CONVERSION = YES;
				CLANG_WARN_OBJC_IMPLICIT_RETAIN_SELF = YES;
				CLANG_WARN_OBJC_LITERAL_CONVERSION = YES;
				CLANG_WARN_OBJC_ROOT_CLASS = YES_ERROR;
				CLANG_WARN_RANGE_LOOP_ANALYSIS = YES;
				CLANG_WARN_STRICT_PROTOTYPES = YES;
				CLANG_WARN_SUSPICIOUS_MOVE = YES;
				CLANG_WARN_UNGUARDED_AVAILABILITY = YES_AGGRESSIVE;
				CLANG_WARN_UNREACHABLE_CODE = YES;
				CLANG_WARN__DUPLICATE_METHOD_MATCH = YES;
				CODE_SIGN_IDENTITY = "iPhone Developer";
				COPY_PHASE_STRIP = NO;
				DEBUG_INFORMATION_FORMAT = "dwarf-with-dsym";
				ENABLE_NS_ASSERTIONS = NO;
				ENABLE_STRICT_OBJC_MSGSEND = YES;
				GCC_C_LANGUAGE_STANDARD = gnu11;
				GCC_NO_COMMON_BLOCKS = YES;
				GCC_WARN_64_TO_32_BIT_CONVERSION = YES;
				GCC_WARN_ABOUT_RETURN_TYPE = YES_ERROR;
				GCC_WARN_UNDECLARED_SELECTOR = YES;
				GCC_WARN_UNINITIALIZED_AUTOS = YES_AGGRESSIVE;
				GCC_WARN_UNUSED_FUNCTION = YES;
				GCC_WARN_UNUSED_VARIABLE = YES;
				IPHONEOS_DEPLOYMENT_TARGET = 12.1;
				MTL_ENABLE_DEBUG_INFO = NO;
				MTL_FAST_MATH = YES;
				SDKROOT = iphoneos;
				SWIFT_COMPILATION_MODE = wholemodule;
				SWIFT_OPTIMIZATION_LEVEL = "-O";
				VALIDATE_PRODUCT = YES;
			};
			name = Release;
		};
		506E374421B48FC60032FB34 /* Debug */ = {
			isa = XCBuildConfiguration;
			baseConfigurationReference = 2B55ECA43701ABEC8C042BB4 /* Pods-DingChallenge.debug.xcconfig */;
			buildSettings = {
				ASSETCATALOG_COMPILER_APPICON_NAME = AppIcon;
				CODE_SIGN_STYLE = Automatic;
				DEVELOPMENT_TEAM = 5Z3QF7P489;
				INFOPLIST_FILE = DingChallenge/Info.plist;
				LD_RUNPATH_SEARCH_PATHS = (
					"$(inherited)",
					"@executable_path/Frameworks",
				);
				PRODUCT_BUNDLE_IDENTIFIER = com.yas.DingChallenge;
				PRODUCT_NAME = "$(TARGET_NAME)";
				SWIFT_VERSION = 4.2;
				TARGETED_DEVICE_FAMILY = "1,2";
			};
			name = Debug;
		};
		506E374521B48FC60032FB34 /* Release */ = {
			isa = XCBuildConfiguration;
			baseConfigurationReference = 248326A36CD42240E7F7D3A2 /* Pods-DingChallenge.release.xcconfig */;
			buildSettings = {
				ASSETCATALOG_COMPILER_APPICON_NAME = AppIcon;
				CODE_SIGN_STYLE = Automatic;
				DEVELOPMENT_TEAM = 5Z3QF7P489;
				INFOPLIST_FILE = DingChallenge/Info.plist;
				LD_RUNPATH_SEARCH_PATHS = (
					"$(inherited)",
					"@executable_path/Frameworks",
				);
				PRODUCT_BUNDLE_IDENTIFIER = com.yas.DingChallenge;
				PRODUCT_NAME = "$(TARGET_NAME)";
				SWIFT_VERSION = 4.2;
				TARGETED_DEVICE_FAMILY = "1,2";
			};
			name = Release;
		};
		506E374721B48FC60032FB34 /* Debug */ = {
			isa = XCBuildConfiguration;
			baseConfigurationReference = 463442CEC68DFA87A19A0203 /* Pods-DingChallengeTests.debug.xcconfig */;
			buildSettings = {
				ALWAYS_EMBED_SWIFT_STANDARD_LIBRARIES = YES;
				BUNDLE_LOADER = "$(TEST_HOST)";
				CODE_SIGN_STYLE = Automatic;
				DEVELOPMENT_TEAM = 5Z3QF7P489;
				INFOPLIST_FILE = DingChallengeTests/Info.plist;
				LD_RUNPATH_SEARCH_PATHS = (
					"$(inherited)",
					"@executable_path/Frameworks",
					"@loader_path/Frameworks",
				);
				PRODUCT_BUNDLE_IDENTIFIER = com.yas.DingChallengeTests;
				PRODUCT_NAME = "$(TARGET_NAME)";
				SWIFT_VERSION = 4.2;
				TARGETED_DEVICE_FAMILY = "1,2";
				TEST_HOST = "$(BUILT_PRODUCTS_DIR)/DingChallenge.app/DingChallenge";
			};
			name = Debug;
		};
		506E374821B48FC60032FB34 /* Release */ = {
			isa = XCBuildConfiguration;
			baseConfigurationReference = 6D47AC3C78431AE6F592A6A6 /* Pods-DingChallengeTests.release.xcconfig */;
			buildSettings = {
				ALWAYS_EMBED_SWIFT_STANDARD_LIBRARIES = YES;
				BUNDLE_LOADER = "$(TEST_HOST)";
				CODE_SIGN_STYLE = Automatic;
				DEVELOPMENT_TEAM = 5Z3QF7P489;
				INFOPLIST_FILE = DingChallengeTests/Info.plist;
				LD_RUNPATH_SEARCH_PATHS = (
					"$(inherited)",
					"@executable_path/Frameworks",
					"@loader_path/Frameworks",
				);
				PRODUCT_BUNDLE_IDENTIFIER = com.yas.DingChallengeTests;
				PRODUCT_NAME = "$(TARGET_NAME)";
				SWIFT_VERSION = 4.2;
				TARGETED_DEVICE_FAMILY = "1,2";
				TEST_HOST = "$(BUILT_PRODUCTS_DIR)/DingChallenge.app/DingChallenge";
			};
			name = Release;
		};
		506E374A21B48FC60032FB34 /* Debug */ = {
			isa = XCBuildConfiguration;
			baseConfigurationReference = 8BD60CF7BE1B0DEA1C4AFA52 /* Pods-DingChallengeUITests.debug.xcconfig */;
			buildSettings = {
				ALWAYS_EMBED_SWIFT_STANDARD_LIBRARIES = YES;
				CODE_SIGN_STYLE = Automatic;
				DEVELOPMENT_TEAM = 5Z3QF7P489;
				INFOPLIST_FILE = DingChallengeUITests/Info.plist;
				LD_RUNPATH_SEARCH_PATHS = (
					"$(inherited)",
					"@executable_path/Frameworks",
					"@loader_path/Frameworks",
				);
				PRODUCT_BUNDLE_IDENTIFIER = com.yas.DingChallengeUITests;
				PRODUCT_NAME = "$(TARGET_NAME)";
				SWIFT_VERSION = 4.2;
				TARGETED_DEVICE_FAMILY = "1,2";
				TEST_TARGET_NAME = DingChallenge;
			};
			name = Debug;
		};
		506E374B21B48FC60032FB34 /* Release */ = {
			isa = XCBuildConfiguration;
			baseConfigurationReference = D88217A288EFBB0CA50B8295 /* Pods-DingChallengeUITests.release.xcconfig */;
			buildSettings = {
				ALWAYS_EMBED_SWIFT_STANDARD_LIBRARIES = YES;
				CODE_SIGN_STYLE = Automatic;
				DEVELOPMENT_TEAM = 5Z3QF7P489;
				INFOPLIST_FILE = DingChallengeUITests/Info.plist;
				LD_RUNPATH_SEARCH_PATHS = (
					"$(inherited)",
					"@executable_path/Frameworks",
					"@loader_path/Frameworks",
				);
				PRODUCT_BUNDLE_IDENTIFIER = com.yas.DingChallengeUITests;
				PRODUCT_NAME = "$(TARGET_NAME)";
				SWIFT_VERSION = 4.2;
				TARGETED_DEVICE_FAMILY = "1,2";
				TEST_TARGET_NAME = DingChallenge;
			};
			name = Release;
		};
/* End XCBuildConfiguration section */

/* Begin XCConfigurationList section */
		506E371621B48FC50032FB34 /* Build configuration list for PBXProject "DingChallenge" */ = {
			isa = XCConfigurationList;
			buildConfigurations = (
				506E374121B48FC60032FB34 /* Debug */,
				506E374221B48FC60032FB34 /* Release */,
			);
			defaultConfigurationIsVisible = 0;
			defaultConfigurationName = Release;
		};
		506E374321B48FC60032FB34 /* Build configuration list for PBXNativeTarget "DingChallenge" */ = {
			isa = XCConfigurationList;
			buildConfigurations = (
				506E374421B48FC60032FB34 /* Debug */,
				506E374521B48FC60032FB34 /* Release */,
			);
			defaultConfigurationIsVisible = 0;
			defaultConfigurationName = Release;
		};
		506E374621B48FC60032FB34 /* Build configuration list for PBXNativeTarget "DingChallengeTests" */ = {
			isa = XCConfigurationList;
			buildConfigurations = (
				506E374721B48FC60032FB34 /* Debug */,
				506E374821B48FC60032FB34 /* Release */,
			);
			defaultConfigurationIsVisible = 0;
			defaultConfigurationName = Release;
		};
		506E374921B48FC60032FB34 /* Build configuration list for PBXNativeTarget "DingChallengeUITests" */ = {
			isa = XCConfigurationList;
			buildConfigurations = (
				506E374A21B48FC60032FB34 /* Debug */,
				506E374B21B48FC60032FB34 /* Release */,
			);
			defaultConfigurationIsVisible = 0;
			defaultConfigurationName = Release;
		};
/* End XCConfigurationList section */
	};
	rootObject = 506E371321B48FC50032FB34 /* Project object */;
}
